// !$*UTF8*$!
{
	archiveVersion = 1;
	classes = {
	};
	objectVersion = 46;
	objects = {

/* Begin PBXBuildFile section */
		1D1F95CCB57A10D9CFB248A4 /* Pods_OBDataServiceDemo.framework in Frameworks */ = {isa = PBXBuildFile; fileRef = 1D5A8B294912D009188EF83F /* Pods_OBDataServiceDemo.framework */; };
		2B65302D1E6E883E00AC4105 /* main.m in Sources */ = {isa = PBXBuildFile; fileRef = 2B65302C1E6E883E00AC4105 /* main.m */; };
		2B6530301E6E883E00AC4105 /* AppDelegate.m in Sources */ = {isa = PBXBuildFile; fileRef = 2B65302F1E6E883E00AC4105 /* AppDelegate.m */; };
		2B6530331E6E883E00AC4105 /* ViewController.m in Sources */ = {isa = PBXBuildFile; fileRef = 2B6530321E6E883E00AC4105 /* ViewController.m */; };
		2B6530361E6E883E00AC4105 /* Main.storyboard in Resources */ = {isa = PBXBuildFile; fileRef = 2B6530341E6E883E00AC4105 /* Main.storyboard */; };
		2B6530381E6E883E00AC4105 /* Assets.xcassets in Resources */ = {isa = PBXBuildFile; fileRef = 2B6530371E6E883E00AC4105 /* Assets.xcassets */; };
		2B65303B1E6E883E00AC4105 /* LaunchScreen.storyboard in Resources */ = {isa = PBXBuildFile; fileRef = 2B6530391E6E883E00AC4105 /* LaunchScreen.storyboard */; };
		2B6530461E6E883E00AC4105 /* OBDataServiceDemoTests.m in Sources */ = {isa = PBXBuildFile; fileRef = 2B6530451E6E883E00AC4105 /* OBDataServiceDemoTests.m */; };
		2B6530511E6E883E00AC4105 /* OBDataServiceDemoUITests.m in Sources */ = {isa = PBXBuildFile; fileRef = 2B6530501E6E883E00AC4105 /* OBDataServiceDemoUITests.m */; };
		2B6530651E6E8E0800AC4105 /* OBDataService.m in Sources */ = {isa = PBXBuildFile; fileRef = 2B6530641E6E8E0800AC4105 /* OBDataService.m */; };
/* End PBXBuildFile section */

/* Begin PBXContainerItemProxy section */
		2B6530421E6E883E00AC4105 /* PBXContainerItemProxy */ = {
			isa = PBXContainerItemProxy;
			containerPortal = 2B6530201E6E883E00AC4105 /* Project object */;
			proxyType = 1;
			remoteGlobalIDString = 2B6530271E6E883E00AC4105;
			remoteInfo = OBDataServiceDemo;
		};
		2B65304D1E6E883E00AC4105 /* PBXContainerItemProxy */ = {
			isa = PBXContainerItemProxy;
			containerPortal = 2B6530201E6E883E00AC4105 /* Project object */;
			proxyType = 1;
			remoteGlobalIDString = 2B6530271E6E883E00AC4105;
			remoteInfo = OBDataServiceDemo;
		};
/* End PBXContainerItemProxy section */

/* Begin PBXFileReference section */
		1D5A8B294912D009188EF83F /* Pods_OBDataServiceDemo.framework */ = {isa = PBXFileReference; explicitFileType = wrapper.framework; includeInIndex = 0; path = Pods_OBDataServiceDemo.framework; sourceTree = BUILT_PRODUCTS_DIR; };
		2B6530281E6E883E00AC4105 /* OBDataServiceDemo.app */ = {isa = PBXFileReference; explicitFileType = wrapper.application; includeInIndex = 0; path = OBDataServiceDemo.app; sourceTree = BUILT_PRODUCTS_DIR; };
		2B65302C1E6E883E00AC4105 /* main.m */ = {isa = PBXFileReference; lastKnownFileType = sourcecode.c.objc; path = main.m; sourceTree = "<group>"; };
		2B65302E1E6E883E00AC4105 /* AppDelegate.h */ = {isa = PBXFileReference; lastKnownFileType = sourcecode.c.h; path = AppDelegate.h; sourceTree = "<group>"; };
		2B65302F1E6E883E00AC4105 /* AppDelegate.m */ = {isa = PBXFileReference; lastKnownFileType = sourcecode.c.objc; path = AppDelegate.m; sourceTree = "<group>"; };
		2B6530311E6E883E00AC4105 /* ViewController.h */ = {isa = PBXFileReference; lastKnownFileType = sourcecode.c.h; path = ViewController.h; sourceTree = "<group>"; };
		2B6530321E6E883E00AC4105 /* ViewController.m */ = {isa = PBXFileReference; lastKnownFileType = sourcecode.c.objc; path = ViewController.m; sourceTree = "<group>"; };
		2B6530351E6E883E00AC4105 /* Base */ = {isa = PBXFileReference; lastKnownFileType = file.storyboard; name = Base; path = Base.lproj/Main.storyboard; sourceTree = "<group>"; };
		2B6530371E6E883E00AC4105 /* Assets.xcassets */ = {isa = PBXFileReference; lastKnownFileType = folder.assetcatalog; path = Assets.xcassets; sourceTree = "<group>"; };
		2B65303A1E6E883E00AC4105 /* Base */ = {isa = PBXFileReference; lastKnownFileType = file.storyboard; name = Base; path = Base.lproj/LaunchScreen.storyboard; sourceTree = "<group>"; };
		2B65303C1E6E883E00AC4105 /* Info.plist */ = {isa = PBXFileReference; lastKnownFileType = text.plist.xml; path = Info.plist; sourceTree = "<group>"; };
		2B6530411E6E883E00AC4105 /* OBDataServiceDemoTests.xctest */ = {isa = PBXFileReference; explicitFileType = wrapper.cfbundle; includeInIndex = 0; path = OBDataServiceDemoTests.xctest; sourceTree = BUILT_PRODUCTS_DIR; };
		2B6530451E6E883E00AC4105 /* OBDataServiceDemoTests.m */ = {isa = PBXFileReference; lastKnownFileType = sourcecode.c.objc; path = OBDataServiceDemoTests.m; sourceTree = "<group>"; };
		2B6530471E6E883E00AC4105 /* Info.plist */ = {isa = PBXFileReference; lastKnownFileType = text.plist.xml; path = Info.plist; sourceTree = "<group>"; };
		2B65304C1E6E883E00AC4105 /* OBDataServiceDemoUITests.xctest */ = {isa = PBXFileReference; explicitFileType = wrapper.cfbundle; includeInIndex = 0; path = OBDataServiceDemoUITests.xctest; sourceTree = BUILT_PRODUCTS_DIR; };
		2B6530501E6E883E00AC4105 /* OBDataServiceDemoUITests.m */ = {isa = PBXFileReference; lastKnownFileType = sourcecode.c.objc; path = OBDataServiceDemoUITests.m; sourceTree = "<group>"; };
		2B6530521E6E883E00AC4105 /* Info.plist */ = {isa = PBXFileReference; lastKnownFileType = text.plist.xml; path = Info.plist; sourceTree = "<group>"; };
		2B6530631E6E8E0800AC4105 /* OBDataService.h */ = {isa = PBXFileReference; fileEncoding = 4; lastKnownFileType = sourcecode.c.h; path = OBDataService.h; sourceTree = "<group>"; };
		2B6530641E6E8E0800AC4105 /* OBDataService.m */ = {isa = PBXFileReference; fileEncoding = 4; lastKnownFileType = sourcecode.c.objc; path = OBDataService.m; sourceTree = "<group>"; };
		AC4A4798BE1A94B72BDC8AFA /* Pods-OBDataServiceDemo.release.xcconfig */ = {isa = PBXFileReference; includeInIndex = 1; lastKnownFileType = text.xcconfig; name = "Pods-OBDataServiceDemo.release.xcconfig"; path = "Pods/Target Support Files/Pods-OBDataServiceDemo/Pods-OBDataServiceDemo.release.xcconfig"; sourceTree = "<group>"; };
		F0FE4E12273C6EA993ACFD83 /* Pods-OBDataServiceDemo.debug.xcconfig */ = {isa = PBXFileReference; includeInIndex = 1; lastKnownFileType = text.xcconfig; name = "Pods-OBDataServiceDemo.debug.xcconfig"; path = "Pods/Target Support Files/Pods-OBDataServiceDemo/Pods-OBDataServiceDemo.debug.xcconfig"; sourceTree = "<group>"; };
/* End PBXFileReference section */

/* Begin PBXFrameworksBuildPhase section */
		2B6530251E6E883E00AC4105 /* Frameworks */ = {
			isa = PBXFrameworksBuildPhase;
			buildActionMask = 2147483647;
			files = (
				1D1F95CCB57A10D9CFB248A4 /* Pods_OBDataServiceDemo.framework in Frameworks */,
			);
			runOnlyForDeploymentPostprocessing = 0;
		};
		2B65303E1E6E883E00AC4105 /* Frameworks */ = {
			isa = PBXFrameworksBuildPhase;
			buildActionMask = 2147483647;
			files = (
			);
			runOnlyForDeploymentPostprocessing = 0;
		};
		2B6530491E6E883E00AC4105 /* Frameworks */ = {
			isa = PBXFrameworksBuildPhase;
			buildActionMask = 2147483647;
			files = (
			);
			runOnlyForDeploymentPostprocessing = 0;
		};
/* End PBXFrameworksBuildPhase section */

/* Begin PBXGroup section */
		2B65301F1E6E883E00AC4105 = {
			isa = PBXGroup;
			children = (
				2B65302A1E6E883E00AC4105 /* OBDataServiceDemo */,
				2B6530441E6E883E00AC4105 /* OBDataServiceDemoTests */,
				2B65304F1E6E883E00AC4105 /* OBDataServiceDemoUITests */,
				2B6530291E6E883E00AC4105 /* Products */,
				5D75C949FB12E7095679D8CA /* Pods */,
				DB273478A20F9D00B322F928 /* Frameworks */,
			);
			sourceTree = "<group>";
		};
		2B6530291E6E883E00AC4105 /* Products */ = {
			isa = PBXGroup;
			children = (
				2B6530281E6E883E00AC4105 /* OBDataServiceDemo.app */,
				2B6530411E6E883E00AC4105 /* OBDataServiceDemoTests.xctest */,
				2B65304C1E6E883E00AC4105 /* OBDataServiceDemoUITests.xctest */,
			);
			name = Products;
			sourceTree = "<group>";
		};
		2B65302A1E6E883E00AC4105 /* OBDataServiceDemo */ = {
			isa = PBXGroup;
			children = (
				2B6530621E6E8E0800AC4105 /* OBDateService */,
				2B65302E1E6E883E00AC4105 /* AppDelegate.h */,
				2B65302F1E6E883E00AC4105 /* AppDelegate.m */,
				2B6530311E6E883E00AC4105 /* ViewController.h */,
				2B6530321E6E883E00AC4105 /* ViewController.m */,
				2B6530341E6E883E00AC4105 /* Main.storyboard */,
				2B6530371E6E883E00AC4105 /* Assets.xcassets */,
				2B6530391E6E883E00AC4105 /* LaunchScreen.storyboard */,
				2B65303C1E6E883E00AC4105 /* Info.plist */,
				2B65302B1E6E883E00AC4105 /* Supporting Files */,
			);
			path = OBDataServiceDemo;
			sourceTree = "<group>";
		};
		2B65302B1E6E883E00AC4105 /* Supporting Files */ = {
			isa = PBXGroup;
			children = (
				2B65302C1E6E883E00AC4105 /* main.m */,
			);
			name = "Supporting Files";
			sourceTree = "<group>";
		};
		2B6530441E6E883E00AC4105 /* OBDataServiceDemoTests */ = {
			isa = PBXGroup;
			children = (
				2B6530451E6E883E00AC4105 /* OBDataServiceDemoTests.m */,
				2B6530471E6E883E00AC4105 /* Info.plist */,
			);
			path = OBDataServiceDemoTests;
			sourceTree = "<group>";
		};
		2B65304F1E6E883E00AC4105 /* OBDataServiceDemoUITests */ = {
			isa = PBXGroup;
			children = (
				2B6530501E6E883E00AC4105 /* OBDataServiceDemoUITests.m */,
				2B6530521E6E883E00AC4105 /* Info.plist */,
			);
			path = OBDataServiceDemoUITests;
			sourceTree = "<group>";
		};
		2B6530621E6E8E0800AC4105 /* OBDateService */ = {
			isa = PBXGroup;
			children = (
				2B6530631E6E8E0800AC4105 /* OBDataService.h */,
				2B6530641E6E8E0800AC4105 /* OBDataService.m */,
			);
			name = OBDateService;
			path = ../../OBDateService;
			sourceTree = "<group>";
		};
		5D75C949FB12E7095679D8CA /* Pods */ = {
			isa = PBXGroup;
			children = (
				F0FE4E12273C6EA993ACFD83 /* Pods-OBDataServiceDemo.debug.xcconfig */,
				AC4A4798BE1A94B72BDC8AFA /* Pods-OBDataServiceDemo.release.xcconfig */,
			);
			name = Pods;
			sourceTree = "<group>";
		};
		DB273478A20F9D00B322F928 /* Frameworks */ = {
			isa = PBXGroup;
			children = (
				1D5A8B294912D009188EF83F /* Pods_OBDataServiceDemo.framework */,
			);
			name = Frameworks;
			sourceTree = "<group>";
		};
/* End PBXGroup section */

/* Begin PBXNativeTarget section */
		2B6530271E6E883E00AC4105 /* OBDataServiceDemo */ = {
			isa = PBXNativeTarget;
			buildConfigurationList = 2B6530551E6E883E00AC4105 /* Build configuration list for PBXNativeTarget "OBDataServiceDemo" */;
			buildPhases = (
				AC724CAF81D50BCB9F92D6E1 /* [CP] Check Pods Manifest.lock */,
				2B6530241E6E883E00AC4105 /* Sources */,
				2B6530251E6E883E00AC4105 /* Frameworks */,
				2B6530261E6E883E00AC4105 /* Resources */,
				959B6DD044CCD17C8D93AFEE /* [CP] Embed Pods Frameworks */,
				CE23563CA60037C88707798B /* [CP] Copy Pods Resources */,
			);
			buildRules = (
			);
			dependencies = (
			);
			name = OBDataServiceDemo;
			productName = OBDataServiceDemo;
			productReference = 2B6530281E6E883E00AC4105 /* OBDataServiceDemo.app */;
			productType = "com.apple.product-type.application";
		};
		2B6530401E6E883E00AC4105 /* OBDataServiceDemoTests */ = {
			isa = PBXNativeTarget;
			buildConfigurationList = 2B6530581E6E883E00AC4105 /* Build configuration list for PBXNativeTarget "OBDataServiceDemoTests" */;
			buildPhases = (
				2B65303D1E6E883E00AC4105 /* Sources */,
				2B65303E1E6E883E00AC4105 /* Frameworks */,
				2B65303F1E6E883E00AC4105 /* Resources */,
			);
			buildRules = (
			);
			dependencies = (
				2B6530431E6E883E00AC4105 /* PBXTargetDependency */,
			);
			name = OBDataServiceDemoTests;
			productName = OBDataServiceDemoTests;
			productReference = 2B6530411E6E883E00AC4105 /* OBDataServiceDemoTests.xctest */;
			productType = "com.apple.product-type.bundle.unit-test";
		};
		2B65304B1E6E883E00AC4105 /* OBDataServiceDemoUITests */ = {
			isa = PBXNativeTarget;
			buildConfigurationList = 2B65305B1E6E883E00AC4105 /* Build configuration list for PBXNativeTarget "OBDataServiceDemoUITests" */;
			buildPhases = (
				2B6530481E6E883E00AC4105 /* Sources */,
				2B6530491E6E883E00AC4105 /* Frameworks */,
				2B65304A1E6E883E00AC4105 /* Resources */,
			);
			buildRules = (
			);
			dependencies = (
				2B65304E1E6E883E00AC4105 /* PBXTargetDependency */,
			);
			name = OBDataServiceDemoUITests;
			productName = OBDataServiceDemoUITests;
			productReference = 2B65304C1E6E883E00AC4105 /* OBDataServiceDemoUITests.xctest */;
			productType = "com.apple.product-type.bundle.ui-testing";
		};
/* End PBXNativeTarget section */

/* Begin PBXProject section */
		2B6530201E6E883E00AC4105 /* Project object */ = {
			isa = PBXProject;
			attributes = {
				LastUpgradeCheck = 0820;
				ORGANIZATIONNAME = obally;
				TargetAttributes = {
					2B6530271E6E883E00AC4105 = {
						CreatedOnToolsVersion = 8.2.1;
						DevelopmentTeam = W3QM2QK666;
						ProvisioningStyle = Automatic;
					};
					2B6530401E6E883E00AC4105 = {
						CreatedOnToolsVersion = 8.2.1;
						DevelopmentTeam = W3QM2QK666;
						ProvisioningStyle = Automatic;
						TestTargetID = 2B6530271E6E883E00AC4105;
					};
					2B65304B1E6E883E00AC4105 = {
						CreatedOnToolsVersion = 8.2.1;
						DevelopmentTeam = W3QM2QK666;
						ProvisioningStyle = Automatic;
						TestTargetID = 2B6530271E6E883E00AC4105;
					};
				};
			};
			buildConfigurationList = 2B6530231E6E883E00AC4105 /* Build configuration list for PBXProject "OBDataServiceDemo" */;
			compatibilityVersion = "Xcode 3.2";
			developmentRegion = English;
			hasScannedForEncodings = 0;
			knownRegions = (
				en,
				Base,
			);
			mainGroup = 2B65301F1E6E883E00AC4105;
			productRefGroup = 2B6530291E6E883E00AC4105 /* Products */;
			projectDirPath = "";
			projectRoot = "";
			targets = (
				2B6530271E6E883E00AC4105 /* OBDataServiceDemo */,
				2B6530401E6E883E00AC4105 /* OBDataServiceDemoTests */,
				2B65304B1E6E883E00AC4105 /* OBDataServiceDemoUITests */,
			);
		};
/* End PBXProject section */

/* Begin PBXResourcesBuildPhase section */
		2B6530261E6E883E00AC4105 /* Resources */ = {
			isa = PBXResourcesBuildPhase;
			buildActionMask = 2147483647;
			files = (
				2B65303B1E6E883E00AC4105 /* LaunchScreen.storyboard in Resources */,
				2B6530381E6E883E00AC4105 /* Assets.xcassets in Resources */,
				2B6530361E6E883E00AC4105 /* Main.storyboard in Resources */,
			);
			runOnlyForDeploymentPostprocessing = 0;
		};
		2B65303F1E6E883E00AC4105 /* Resources */ = {
			isa = PBXResourcesBuildPhase;
			buildActionMask = 2147483647;
			files = (
			);
			runOnlyForDeploymentPostprocessing = 0;
		};
		2B65304A1E6E883E00AC4105 /* Resources */ = {
			isa = PBXResourcesBuildPhase;
			buildActionMask = 2147483647;
			files = (
			);
			runOnlyForDeploymentPostprocessing = 0;
		};
/* End PBXResourcesBuildPhase section */

/* Begin PBXShellScriptBuildPhase section */
		959B6DD044CCD17C8D93AFEE /* [CP] Embed Pods Frameworks */ = {
			isa = PBXShellScriptBuildPhase;
			buildActionMask = 2147483647;
			files = (
			);
			inputPaths = (
			);
			name = "[CP] Embed Pods Frameworks";
			outputPaths = (
			);
			runOnlyForDeploymentPostprocessing = 0;
			shellPath = /bin/sh;
			shellScript = "\"${SRCROOT}/Pods/Target Support Files/Pods-OBDataServiceDemo/Pods-OBDataServiceDemo-frameworks.sh\"\n";
			showEnvVarsInLog = 0;
		};
		AC724CAF81D50BCB9F92D6E1 /* [CP] Check Pods Manifest.lock */ = {
			isa = PBXShellScriptBuildPhase;
			buildActionMask = 2147483647;
			files = (
			);
			inputPaths = (
			);
			name = "[CP] Check Pods Manifest.lock";
			outputPaths = (
			);
			runOnlyForDeploymentPostprocessing = 0;
			shellPath = /bin/sh;
			shellScript = "diff \"${PODS_ROOT}/../Podfile.lock\" \"${PODS_ROOT}/Manifest.lock\" > /dev/null\nif [ $? != 0 ] ; then\n    # print error to STDERR\n    echo \"error: The sandbox is not in sync with the Podfile.lock. Run 'pod install' or update your CocoaPods installation.\" >&2\n    exit 1\nfi\n";
			showEnvVarsInLog = 0;
		};
		CE23563CA60037C88707798B /* [CP] Copy Pods Resources */ = {
			isa = PBXShellScriptBuildPhase;
			buildActionMask = 2147483647;
			files = (
			);
			inputPaths = (
			);
			name = "[CP] Copy Pods Resources";
			outputPaths = (
			);
			runOnlyForDeploymentPostprocessing = 0;
			shellPath = /bin/sh;
			shellScript = "\"${SRCROOT}/Pods/Target Support Files/Pods-OBDataServiceDemo/Pods-OBDataServiceDemo-resources.sh\"\n";
			showEnvVarsInLog = 0;
		};
/* End PBXShellScriptBuildPhase section */

/* Begin PBXSourcesBuildPhase section */
		2B6530241E6E883E00AC4105 /* Sources */ = {
			isa = PBXSourcesBuildPhase;
			buildActionMask = 2147483647;
			files = (
				2B6530331E6E883E00AC4105 /* ViewController.m in Sources */,
				2B6530301E6E883E00AC4105 /* AppDelegate.m in Sources */,
				2B6530651E6E8E0800AC4105 /* OBDataService.m in Sources */,
				2B65302D1E6E883E00AC4105 /* main.m in Sources */,
			);
			runOnlyForDeploymentPostprocessing = 0;
		};
		2B65303D1E6E883E00AC4105 /* Sources */ = {
			isa = PBXSourcesBuildPhase;
			buildActionMask = 2147483647;
			files = (
				2B6530461E6E883E00AC4105 /* OBDataServiceDemoTests.m in Sources */,
			);
			runOnlyForDeploymentPostprocessing = 0;
		};
		2B6530481E6E883E00AC4105 /* Sources */ = {
			isa = PBXSourcesBuildPhase;
			buildActionMask = 2147483647;
			files = (
				2B6530511E6E883E00AC4105 /* OBDataServiceDemoUITests.m in Sources */,
			);
			runOnlyForDeploymentPostprocessing = 0;
		};
/* End PBXSourcesBuildPhase section */

/* Begin PBXTargetDependency section */
		2B6530431E6E883E00AC4105 /* PBXTargetDependency */ = {
			isa = PBXTargetDependency;
			target = 2B6530271E6E883E00AC4105 /* OBDataServiceDemo */;
			targetProxy = 2B6530421E6E883E00AC4105 /* PBXContainerItemProxy */;
		};
		2B65304E1E6E883E00AC4105 /* PBXTargetDependency */ = {
			isa = PBXTargetDependency;
			target = 2B6530271E6E883E00AC4105 /* OBDataServiceDemo */;
			targetProxy = 2B65304D1E6E883E00AC4105 /* PBXContainerItemProxy */;
		};
/* End PBXTargetDependency section */

/* Begin PBXVariantGroup section */
		2B6530341E6E883E00AC4105 /* Main.storyboard */ = {
			isa = PBXVariantGroup;
			children = (
				2B6530351E6E883E00AC4105 /* Base */,
			);
			name = Main.storyboard;
			sourceTree = "<group>";
		};
		2B6530391E6E883E00AC4105 /* LaunchScreen.storyboard */ = {
			isa = PBXVariantGroup;
			children = (
				2B65303A1E6E883E00AC4105 /* Base */,
			);
			name = LaunchScreen.storyboard;
			sourceTree = "<group>";
		};
/* End PBXVariantGroup section */

/* Begin XCBuildConfiguration section */
		2B6530531E6E883E00AC4105 /* Debug */ = {
			isa = XCBuildConfiguration;
			buildSettings = {
				ALWAYS_SEARCH_USER_PATHS = NO;
				CLANG_ANALYZER_NONNULL = YES;
				CLANG_CXX_LANGUAGE_STANDARD = "gnu++0x";
				CLANG_CXX_LIBRARY = "libc++";
				CLANG_ENABLE_MODULES = YES;
				CLANG_ENABLE_OBJC_ARC = YES;
				CLANG_WARN_BOOL_CONVERSION = YES;
				CLANG_WARN_CONSTANT_CONVERSION = YES;
				CLANG_WARN_DIRECT_OBJC_ISA_USAGE = YES_ERROR;
				CLANG_WARN_DOCUMENTATION_COMMENTS = YES;
				CLANG_WARN_EMPTY_BODY = YES;
				CLANG_WARN_ENUM_CONVERSION = YES;
				CLANG_WARN_INFINITE_RECURSION = YES;
				CLANG_WARN_INT_CONVERSION = YES;
				CLANG_WARN_OBJC_ROOT_CLASS = YES_ERROR;
				CLANG_WARN_SUSPICIOUS_MOVE = YES;
				CLANG_WARN_UNREACHABLE_CODE = YES;
				CLANG_WARN__DUPLICATE_METHOD_MATCH = YES;
				"CODE_SIGN_IDENTITY[sdk=iphoneos*]" = "iPhone Developer";
				COPY_PHASE_STRIP = NO;
				DEBUG_INFORMATION_FORMAT = dwarf;
				ENABLE_STRICT_OBJC_MSGSEND = YES;
				ENABLE_TESTABILITY = YES;
				GCC_C_LANGUAGE_STANDARD = gnu99;
				GCC_DYNAMIC_NO_PIC = NO;
				GCC_NO_COMMON_BLOCKS = YES;
				GCC_OPTIMIZATION_LEVEL = 0;
				GCC_PREPROCESSOR_DEFINITIONS = (
					"DEBUG=1",
					"$(inherited)",
				);
				GCC_WARN_64_TO_32_BIT_CONVERSION = YES;
				GCC_WARN_ABOUT_RETURN_TYPE = YES_ERROR;
				GCC_WARN_UNDECLARED_SELECTOR = YES;
				GCC_WARN_UNINITIALIZED_AUTOS = YES_AGGRESSIVE;
				GCC_WARN_UNUSED_FUNCTION = YES;
				GCC_WARN_UNUSED_VARIABLE = YES;
				IPHONEOS_DEPLOYMENT_TARGET = 10.2;
				MTL_ENABLE_DEBUG_INFO = YES;
				ONLY_ACTIVE_ARCH = YES;
				SDKROOT = iphoneos;
			};
			name = Debug;
		};
		2B6530541E6E883E00AC4105 /* Release */ = {
			isa = XCBuildConfiguration;
			buildSettings = {
				ALWAYS_SEARCH_USER_PATHS = NO;
				CLANG_ANALYZER_NONNULL = YES;
				CLANG_CXX_LANGUAGE_STANDARD = "gnu++0x";
				CLANG_CXX_LIBRARY = "libc++";
				CLANG_ENABLE_MODULES = YES;
				CLANG_ENABLE_OBJC_ARC = YES;
				CLANG_WARN_BOOL_CONVERSION = YES;
				CLANG_WARN_CONSTANT_CONVERSION = YES;
				CLANG_WARN_DIRECT_OBJC_ISA_USAGE = YES_ERROR;
				CLANG_WARN_DOCUMENTATION_COMMENTS = YES;
				CLANG_WARN_EMPTY_BODY = YES;
				CLANG_WARN_ENUM_CONVERSION = YES;
				CLANG_WARN_INFINITE_RECURSION = YES;
				CLANG_WARN_INT_CONVERSION = YES;
				CLANG_WARN_OBJC_ROOT_CLASS = YES_ERROR;
				CLANG_WARN_SUSPICIOUS_MOVE = YES;
				CLANG_WARN_UNREACHABLE_CODE = YES;
				CLANG_WARN__DUPLICATE_METHOD_MATCH = YES;
				"CODE_SIGN_IDENTITY[sdk=iphoneos*]" = "iPhone Developer";
				COPY_PHASE_STRIP = NO;
				DEBUG_INFORMATION_FORMAT = "dwarf-with-dsym";
				ENABLE_NS_ASSERTIONS = NO;
				ENABLE_STRICT_OBJC_MSGSEND = YES;
				GCC_C_LANGUAGE_STANDARD = gnu99;
				GCC_NO_COMMON_BLOCKS = YES;
				GCC_WARN_64_TO_32_BIT_CONVERSION = YES;
				GCC_WARN_ABOUT_RETURN_TYPE = YES_ERROR;
				GCC_WARN_UNDECLARED_SELECTOR = YES;
				GCC_WARN_UNINITIALIZED_AUTOS = YES_AGGRESSIVE;
				GCC_WARN_UNUSED_FUNCTION = YES;
				GCC_WARN_UNUSED_VARIABLE = YES;
				IPHONEOS_DEPLOYMENT_TARGET = 10.2;
				MTL_ENABLE_DEBUG_INFO = NO;
				SDKROOT = iphoneos;
				VALIDATE_PRODUCT = YES;
			};
			name = Release;
		};
		2B6530561E6E883E00AC4105 /* Debug */ = {
			isa = XCBuildConfiguration;
			baseConfigurationReference = F0FE4E12273C6EA993ACFD83 /* Pods-OBDataServiceDemo.debug.xcconfig */;
			buildSettings = {
				ASSETCATALOG_COMPILER_APPICON_NAME = AppIcon;
				DEVELOPMENT_TEAM = W3QM2QK666;
				INFOPLIST_FILE = OBDataServiceDemo/Info.plist;
				LD_RUNPATH_SEARCH_PATHS = "$(inherited) @executable_path/Frameworks";
				PRODUCT_BUNDLE_IDENTIFIER = com.synjones.OBDataServiceDemo;
				PRODUCT_NAME = "$(TARGET_NAME)";
			};
			name = Debug;
		};
		2B6530571E6E883E00AC4105 /* Release */ = {
			isa = XCBuildConfiguration;
			baseConfigurationReference = AC4A4798BE1A94B72BDC8AFA /* Pods-OBDataServiceDemo.release.xcconfig */;
			buildSettings = {
				ASSETCATALOG_COMPILER_APPICON_NAME = AppIcon;
				DEVELOPMENT_TEAM = W3QM2QK666;
				INFOPLIST_FILE = OBDataServiceDemo/Info.plist;
				LD_RUNPATH_SEARCH_PATHS = "$(inherited) @executable_path/Frameworks";
				PRODUCT_BUNDLE_IDENTIFIER = com.synjones.OBDataServiceDemo;
				PRODUCT_NAME = "$(TARGET_NAME)";
			};
			name = Release;
		};
		2B6530591E6E883E00AC4105 /* Debug */ = {
			isa = XCBuildConfiguration;
			buildSettings = {
				BUNDLE_LOADER = "$(TEST_HOST)";
				DEVELOPMENT_TEAM = W3QM2QK666;
				INFOPLIST_FILE = OBDataServiceDemoTests/Info.plist;
				LD_RUNPATH_SEARCH_PATHS = "$(inherited) @executable_path/Frameworks @loader_path/Frameworks";
				PRODUCT_BUNDLE_IDENTIFIER = com.synjones.OBDataServiceDemoTests;
				PRODUCT_NAME = "$(TARGET_NAME)";
				TEST_HOST = "$(BUILT_PRODUCTS_DIR)/OBDataServiceDemo.app/OBDataServiceDemo";
			};
			name = Debug;
		};
		2B65305A1E6E883E00AC4105 /* Release */ = {
			isa = XCBuildConfiguration;
			buildSettings = {
				BUNDLE_LOADER = "$(TEST_HOST)";
				DEVELOPMENT_TEAM = W3QM2QK666;
				INFOPLIST_FILE = OBDataServiceDemoTests/Info.plist;
				LD_RUNPATH_SEARCH_PATHS = "$(inherited) @executable_path/Frameworks @loader_path/Frameworks";
				PRODUCT_BUNDLE_IDENTIFIER = com.synjones.OBDataServiceDemoTests;
				PRODUCT_NAME = "$(TARGET_NAME)";
				TEST_HOST = "$(BUILT_PRODUCTS_DIR)/OBDataServiceDemo.app/OBDataServiceDemo";
			};
			name = Release;
		};
		2B65305C1E6E883E00AC4105 /* Debug */ = {
			isa = XCBuildConfiguration;
			buildSettings = {
				DEVELOPMENT_TEAM = W3QM2QK666;
				INFOPLIST_FILE = OBDataServiceDemoUITests/Info.plist;
				LD_RUNPATH_SEARCH_PATHS = "$(inherited) @executable_path/Frameworks @loader_path/Frameworks";
				PRODUCT_BUNDLE_IDENTIFIER = com.synjones.OBDataServiceDemoUITests;
				PRODUCT_NAME = "$(TARGET_NAME)";
				TEST_TARGET_NAME = OBDataServiceDemo;
			};
			name = Debug;
		};
		2B65305D1E6E883E00AC4105 /* Release */ = {
			isa = XCBuildConfiguration;
			buildSettings = {
				DEVELOPMENT_TEAM = W3QM2QK666;
				INFOPLIST_FILE = OBDataServiceDemoUITests/Info.plist;
				LD_RUNPATH_SEARCH_PATHS = "$(inherited) @executable_path/Frameworks @loader_path/Frameworks";
				PRODUCT_BUNDLE_IDENTIFIER = com.synjones.OBDataServiceDemoUITests;
				PRODUCT_NAME = "$(TARGET_NAME)";
				TEST_TARGET_NAME = OBDataServiceDemo;
			};
			name = Release;
		};
/* End XCBuildConfiguration section */

/* Begin XCConfigurationList section */
		2B6530231E6E883E00AC4105 /* Build configuration list for PBXProject "OBDataServiceDemo" */ = {
			isa = XCConfigurationList;
			buildConfigurations = (
				2B6530531E6E883E00AC4105 /* Debug */,
				2B6530541E6E883E00AC4105 /* Release */,
			);
			defaultConfigurationIsVisible = 0;
			defaultConfigurationName = Release;
		};
		2B6530551E6E883E00AC4105 /* Build configuration list for PBXNativeTarget "OBDataServiceDemo" */ = {
			isa = XCConfigurationList;
			buildConfigurations = (
				2B6530561E6E883E00AC4105 /* Debug */,
				2B6530571E6E883E00AC4105 /* Release */,
			);
			defaultConfigurationIsVisible = 0;
			defaultConfigurationName = Release;
		};
		2B6530581E6E883E00AC4105 /* Build configuration list for PBXNativeTarget "OBDataServiceDemoTests" */ = {
			isa = XCConfigurationList;
			buildConfigurations = (
				2B6530591E6E883E00AC4105 /* Debug */,
				2B65305A1E6E883E00AC4105 /* Release */,
			);
			defaultConfigurationIsVisible = 0;
			defaultConfigurationName = Release;
		};
		2B65305B1E6E883E00AC4105 /* Build configuration list for PBXNativeTarget "OBDataServiceDemoUITests" */ = {
			isa = XCConfigurationList;
			buildConfigurations = (
				2B65305C1E6E883E00AC4105 /* Debug */,
				2B65305D1E6E883E00AC4105 /* Release */,
			);
			defaultConfigurationIsVisible = 0;
			defaultConfigurationName = Release;
		};
/* End XCConfigurationList section */
	};
	rootObject = 2B6530201E6E883E00AC4105 /* Project object */;
}
